github.com/alinush/go-mcl v0.0.0-20210217170806-f68f7c7cee88/go.mod h1:g5hEaWH//47rJAXsGphNWhpWFCbolbowd0Jsx+Zj+T4=
github.com/alinush/go-mcl v0.0.0-20210224202455-eb6000c9b115 h1:dmRRyrH6MpUFPLjJ8yEMuOudcBDzeJ4Hnxf2sgoUjpQ=
github.com/alinush/go-mcl v0.0.0-20210224202455-eb6000c9b115/go.mod h1:Mc7ekS3Dylak0ZRbsbvcDb2T4ilKb2/E3/BVDE5MspE=
github.com/aulichney/go-kzg v0.0.0-20220420183610-6f1d4d8a4218 h1:B1rTm2qINji8w8Okh3V99fUh/nDoP9aiBMwmszRFgm8=
github.com/aulichney/go-kzg v0.0.0-20220420183610-6f1d4d8a4218/go.mod h1:NuyIcq98epeAJUidM3p9C6k8tikS24s7GOxNuJnx5pw=
github.com/aulichney/go-kzg v0.0.0-20220421143943-18dbd7406c0a h1:Cl+gtkIZDrMWSUl6CM5G6InjDqFDzHhH7pDMud/KTgo=
github.com/aulichney/go-kzg v0.0.0-20220421143943-18dbd7406c0a/go.mod h1:NuyIcq98epeAJUidM3p9C6k8tikS24s7GOxNuJnx5pw=
github.com/aulichney/go-kzg v0.0.0-20220423210311-53e112004aa9 h1:jZbKQWlNYXjkemdWwwOfpgWDV2X3+4jGvlAS8quaThI=
github.com/aulichney/go-kzg v0.0.0-20220423210311-53e112004aa9/go.mod h1:NuyIcq98epeAJUidM3p9C6k8tikS24s7GOxNuJnx5pw=
github.com/aulichney/go-kzg v0.0.0-20220423214416-0d881ed57c64 h1:5SagEYrrotvBIbkWyueLXrCx016xyzMAkLkoNVkjKp0=
github.com/aulichney/go-kzg v0.0.0-20220423214416-0d881ed57c64/go.mod h1:NuyIcq98epeAJUidM3p9C6k8tikS24s7GOxNuJnx5pw=
github.com/davecgh/go-spew v1.1.0/go.mod h1:J7Y8YcW2NihsgmVo/mv3lAwl/skON4iLHjSsI+c5H38=
github.com/davecgh/go-spew v1.1.1 h1:vj9j/u1bqnvCEfJOwUhtlOARqs3+rkHYY13jYWTU97c=
github.com/davecgh/go-spew v1.1.1/go.mod h1:J7Y8YcW2NihsgmVo/mv3lAwl/skON4iLHjSsI+c5H38=
github.com/dustin/go-humanize v1.0.0 h1:VSnTsYCnlFHaM2/igO1h6X3HA71jcobQuxemgkq4zYo=
github.com/dustin/go-humanize v1.0.0/go.mod h1:HtrtbFcZ19U5GC7JDqmcUSB87Iq5E25KnS6fMYU6eOk=
github.com/herumi/bls-eth-go-binary v0.0.0-20210302070600-dfaa902c7773/go.mod h1:luAnRm3OsMQeokhGzpYmc0ZKwawY7o87PUEP11Z7r7U=
github.com/herumi/bls-eth-go-binary v0.0.0-20220216073600-600054663ec1 h1:grF9w60kNiJxs2Vk97UsM+Sr/Qb1EfOop6Uh3aKDldg=
github.com/herumi/bls-eth-go-binary v0.0.0-20220216073600-600054663ec1/go.mod h1:luAnRm3OsMQeokhGzpYmc0ZKwawY7o87PUEP11Z7r7U=
github.com/holiman/uint256 v1.1.1/go.mod h1:y4ga/t+u+Xwd7CpDgZESaRcWy0I7XMlTMA25ApIH5Jw=
github.com/holiman/uint256 v1.2.0 h1:gpSYcPLWGv4sG43I2mVLiDZCNDh/EpGjSk8tmtxitHM=
github.com/holiman/uint256 v1.2.0/go.mod h1:y4ga/t+u+Xwd7CpDgZESaRcWy0I7XMlTMA25ApIH5Jw=
github.com/kilic/bls12-381 v0.1.1-0.20210208205449-6045b0235e36 h1:ac3KEjgHrX671Q7gW6aGmiQcDrYzmwrdq76HElwyewA=
github.com/kilic/bls12-381 v0.1.1-0.20210208205449-6045b0235e36/go.mod h1:tlkavyke+Ac7h8R3gZIjI5LKBcvMlSWnXNMgT3vZXo8=
github.com/konsorten/go-windows-terminal-sequences v1.0.3/go.mod h1:T0+1ngSBFLxvqU3pZ+m/2kptfBszLMUkC4ZK/EgS/cQ=
github.com/magefile/mage v1.10.0 h1:3HiXzCUY12kh9bIuyXShaVe529fJfyqoVM42o/uom2g=
github.com/magefile/mage v1.10.0/go.mod h1:z5UZb/iS3GoOSn0JgWuiw7dxlurVYTu+/jHXqQg881A=
github.com/pmezard/go-difflib v1.0.0 h1:4DBwDE0NGyQoBHbLQYPwSUPoCMWR5BEzIk/f1lZbAQM=
github.com/pmezard/go-difflib v1.0.0/go.mod h1:iKH77koFhYxTK1pcRnkKkqfTogsbg7gZNVY4sRDYZ/4=
github.com/sirupsen/logrus v1.6.0/go.mod h1:7uNnSEd1DgxDLC74fIahvMZmmYsHGZGEOFrfsX/uA88=
github.com/sirupsen/logrus v1.7.1 h1:rsizeFmZP+GYwyb4V6t6qpG7ZNWzA2bvgW/yC2xHCcg=
github.com/sirupsen/logrus v1.7.1/go.mod h1:4GuYW9TZmE769R5STWrRakJc4UqQ3+QQ95fyz7ENv1A=
github.com/sshravan/go-poly v0.0.0-20210301195753-cae9a94c2b87 h1:qh+yKeqxJzhMoR5eCT6R1WCZikZKwl7pLwPAQzuHL8M=
github.com/sshravan/go-poly v0.0.0-20210301195753-cae9a94c2b87/go.mod h1:OjN1+/BPFknFJHRIKNM/fCJA6++J2qnwXmQSNE3ihPU=
github.com/stretchr/objx v0.1.0/go.mod h1:HFkY916IF+rwdDfMAkV7OtwuqBVzrE8GR6GFx+wExME=
github.com/stretchr/testify v1.2.2/go.mod h1:a8OnRcib4nhh0OaRAV+Yts87kKdq0PP7pXfy6kDkUVs=
github.com/stretchr/testify v1.6.1 h1:hDPOHmpOpP40lSULcqw7IrRb/u7w6RpDC9399XyoNd0=
github.com/stretchr/testify v1.6.1/go.mod h1:6Fq8oRcR53rry900zMqJjRRixrwX3KX962/h/Wwjteg=
golang.org/x/sys v0.0.0-20190422165155-953cdadca894/go.mod h1:h1NjWce9XRLGQEsW7wpKNCjG9DtNlClVuFLEZdDNbEs=
golang.org/x/sys v0.0.0-20191026070338-33540a1f6037/go.mod h1:h1NjWce9XRLGQEsW7wpKNCjG9DtNlClVuFLEZdDNbEs=
golang.org/x/sys v0.0.0-20210124154548-22da62e12c0c/go.mod h1:h1NjWce9XRLGQEsW7wpKNCjG9DtNlClVuFLEZdDNbEs=
golang.org/x/sys v0.0.0-20210305034016-7844c3c200c3/go.mod h1:h1NjWce9XRLGQEsW7wpKNCjG9DtNlClVuFLEZdDNbEs=
golang.org/x/sys v0.0.0-20220412211240-33da011f77ad h1:ntjMns5wyP/fN65tdBD4g8J5w8n015+iIIs9rtjXkY0=
golang.org/x/sys v0.0.0-20220412211240-33da011f77ad/go.mod h1:oPkhp1MJrh7nUepCBck5+mAzfO9JrbApNNgaTdGDITg=
gopkg.in/check.v1 v0.0.0-20161208181325-20d25e280405/go.mod h1:Co6ibVJAznAaIkqp8huTwlJQCZ016jof/cbN4VW5Yz0=
gopkg.in/yaml.v3 v3.0.0-20200313102051-9f266ea9e77c h1:dUUwHk2QECo/6vqA44rthZ8ie2QXMNeKRTHCNY2nXvo=
gopkg.in/yaml.v3 v3.0.0-20200313102051-9f266ea9e77c/go.mod h1:K4uyk7z7BCEPqu6E+C64Yfv1cQ7kz7rIZviUmN+EgEM=
